// !$*UTF8*$!
{
	archiveVersion = 1;
	classes = {
	};
	objectVersion = 55;
	objects = {

/* Begin PBXBuildFile section */
		3F661584273492A8004144DE /* AppDelegate.swift in Sources */ = {isa = PBXBuildFile; fileRef = 3F661583273492A8004144DE /* AppDelegate.swift */; };
		3F661586273492A8004144DE /* SceneDelegate.swift in Sources */ = {isa = PBXBuildFile; fileRef = 3F661585273492A8004144DE /* SceneDelegate.swift */; };
		3F661588273492A8004144DE /* CryptoListTableViewController.swift in Sources */ = {isa = PBXBuildFile; fileRef = 3F661587273492A8004144DE /* CryptoListTableViewController.swift */; };
		3F66158D273492B2004144DE /* Assets.xcassets in Resources */ = {isa = PBXBuildFile; fileRef = 3F66158C273492B2004144DE /* Assets.xcassets */; };
		3F661590273492B2004144DE /* LaunchScreen.storyboard in Resources */ = {isa = PBXBuildFile; fileRef = 3F66158E273492B2004144DE /* LaunchScreen.storyboard */; };
		3F66159B273492B3004144DE /* CryptoTrackerTests.swift in Sources */ = {isa = PBXBuildFile; fileRef = 3F66159A273492B3004144DE /* CryptoTrackerTests.swift */; };
		3F6615A5273492B3004144DE /* CryptoTrackerUITests.swift in Sources */ = {isa = PBXBuildFile; fileRef = 3F6615A4273492B3004144DE /* CryptoTrackerUITests.swift */; };
		3F6615A7273492B3004144DE /* CryptoTrackerUITestsLaunchTests.swift in Sources */ = {isa = PBXBuildFile; fileRef = 3F6615A6273492B3004144DE /* CryptoTrackerUITestsLaunchTests.swift */; };
		3F6615B527349398004144DE /* ViewCode.swift in Sources */ = {isa = PBXBuildFile; fileRef = 3F6615B427349398004144DE /* ViewCode.swift */; };
		3F6615B7273493C2004144DE /* UIView+Constrains.swift in Sources */ = {isa = PBXBuildFile; fileRef = 3F6615B6273493C2004144DE /* UIView+Constrains.swift */; };
		3F6615BB273497EC004144DE /* CryptoTableViewCell.swift in Sources */ = {isa = PBXBuildFile; fileRef = 3F6615BA273497EC004144DE /* CryptoTableViewCell.swift */; };
		3F6615BD27349F4F004144DE /* CryptoCellModel.swift in Sources */ = {isa = PBXBuildFile; fileRef = 3F6615BC27349F4F004144DE /* CryptoCellModel.swift */; };
		3F6615BF2734A154004144DE /* Formatter+Currency.swift in Sources */ = {isa = PBXBuildFile; fileRef = 3F6615BE2734A154004144DE /* Formatter+Currency.swift */; };
		3F6615C22734A788004144DE /* Constants.swift in Sources */ = {isa = PBXBuildFile; fileRef = 3F6615C12734A788004144DE /* Constants.swift */; };
		3F6615C52734A81F004144DE /* NetworkService.swift in Sources */ = {isa = PBXBuildFile; fileRef = 3F6615C42734A81F004144DE /* NetworkService.swift */; };
		3F6615C72734A935004144DE /* Models.swift in Sources */ = {isa = PBXBuildFile; fileRef = 3F6615C62734A935004144DE /* Models.swift */; };
		3F6615C92734BB8A004144DE /* CryptoListViewModel.swift in Sources */ = {isa = PBXBuildFile; fileRef = 3F6615C82734BB89004144DE /* CryptoListViewModel.swift */; };
/* End PBXBuildFile section */

/* Begin PBXContainerItemProxy section */
		3F661597273492B3004144DE /* PBXContainerItemProxy */ = {
			isa = PBXContainerItemProxy;
			containerPortal = 3F661578273492A8004144DE /* Project object */;
			proxyType = 1;
			remoteGlobalIDString = 3F66157F273492A8004144DE;
			remoteInfo = CryptoTracker;
		};
		3F6615A1273492B3004144DE /* PBXContainerItemProxy */ = {
			isa = PBXContainerItemProxy;
			containerPortal = 3F661578273492A8004144DE /* Project object */;
			proxyType = 1;
			remoteGlobalIDString = 3F66157F273492A8004144DE;
			remoteInfo = CryptoTracker;
		};
/* End PBXContainerItemProxy section */

/* Begin PBXFileReference section */
		3F661580273492A8004144DE /* CryptoTracker.app */ = {isa = PBXFileReference; explicitFileType = wrapper.application; includeInIndex = 0; path = CryptoTracker.app; sourceTree = BUILT_PRODUCTS_DIR; };
		3F661583273492A8004144DE /* AppDelegate.swift */ = {isa = PBXFileReference; lastKnownFileType = sourcecode.swift; path = AppDelegate.swift; sourceTree = "<group>"; };
		3F661585273492A8004144DE /* SceneDelegate.swift */ = {isa = PBXFileReference; lastKnownFileType = sourcecode.swift; path = SceneDelegate.swift; sourceTree = "<group>"; };
		3F661587273492A8004144DE /* CryptoListTableViewController.swift */ = {isa = PBXFileReference; lastKnownFileType = sourcecode.swift; path = CryptoListTableViewController.swift; sourceTree = "<group>"; };
		3F66158C273492B2004144DE /* Assets.xcassets */ = {isa = PBXFileReference; lastKnownFileType = folder.assetcatalog; path = Assets.xcassets; sourceTree = "<group>"; };
		3F66158F273492B2004144DE /* Base */ = {isa = PBXFileReference; lastKnownFileType = file.storyboard; name = Base; path = Base.lproj/LaunchScreen.storyboard; sourceTree = "<group>"; };
		3F661591273492B2004144DE /* Info.plist */ = {isa = PBXFileReference; lastKnownFileType = text.plist.xml; path = Info.plist; sourceTree = "<group>"; };
		3F661596273492B3004144DE /* CryptoTrackerTests.xctest */ = {isa = PBXFileReference; explicitFileType = wrapper.cfbundle; includeInIndex = 0; path = CryptoTrackerTests.xctest; sourceTree = BUILT_PRODUCTS_DIR; };
		3F66159A273492B3004144DE /* CryptoTrackerTests.swift */ = {isa = PBXFileReference; lastKnownFileType = sourcecode.swift; path = CryptoTrackerTests.swift; sourceTree = "<group>"; };
		3F6615A0273492B3004144DE /* CryptoTrackerUITests.xctest */ = {isa = PBXFileReference; explicitFileType = wrapper.cfbundle; includeInIndex = 0; path = CryptoTrackerUITests.xctest; sourceTree = BUILT_PRODUCTS_DIR; };
		3F6615A4273492B3004144DE /* CryptoTrackerUITests.swift */ = {isa = PBXFileReference; lastKnownFileType = sourcecode.swift; path = CryptoTrackerUITests.swift; sourceTree = "<group>"; };
		3F6615A6273492B3004144DE /* CryptoTrackerUITestsLaunchTests.swift */ = {isa = PBXFileReference; lastKnownFileType = sourcecode.swift; path = CryptoTrackerUITestsLaunchTests.swift; sourceTree = "<group>"; };
		3F6615B427349398004144DE /* ViewCode.swift */ = {isa = PBXFileReference; lastKnownFileType = sourcecode.swift; path = ViewCode.swift; sourceTree = "<group>"; };
		3F6615B6273493C2004144DE /* UIView+Constrains.swift */ = {isa = PBXFileReference; lastKnownFileType = sourcecode.swift; path = "UIView+Constrains.swift"; sourceTree = "<group>"; };
		3F6615BA273497EC004144DE /* CryptoTableViewCell.swift */ = {isa = PBXFileReference; lastKnownFileType = sourcecode.swift; path = CryptoTableViewCell.swift; sourceTree = "<group>"; };
		3F6615BC27349F4F004144DE /* CryptoCellModel.swift */ = {isa = PBXFileReference; lastKnownFileType = sourcecode.swift; path = CryptoCellModel.swift; sourceTree = "<group>"; };
		3F6615BE2734A154004144DE /* Formatter+Currency.swift */ = {isa = PBXFileReference; lastKnownFileType = sourcecode.swift; path = "Formatter+Currency.swift"; sourceTree = "<group>"; };
		3F6615C12734A788004144DE /* Constants.swift */ = {isa = PBXFileReference; lastKnownFileType = sourcecode.swift; path = Constants.swift; sourceTree = "<group>"; };
		3F6615C42734A81F004144DE /* NetworkService.swift */ = {isa = PBXFileReference; lastKnownFileType = sourcecode.swift; path = NetworkService.swift; sourceTree = "<group>"; };
		3F6615C62734A935004144DE /* Models.swift */ = {isa = PBXFileReference; lastKnownFileType = sourcecode.swift; path = Models.swift; sourceTree = "<group>"; };
		3F6615C82734BB89004144DE /* CryptoListViewModel.swift */ = {isa = PBXFileReference; lastKnownFileType = sourcecode.swift; path = CryptoListViewModel.swift; sourceTree = "<group>"; };
/* End PBXFileReference section */

/* Begin PBXFrameworksBuildPhase section */
		3F66157D273492A8004144DE /* Frameworks */ = {
			isa = PBXFrameworksBuildPhase;
			buildActionMask = 2147483647;
			files = (
			);
			runOnlyForDeploymentPostprocessing = 0;
		};
		3F661593273492B3004144DE /* Frameworks */ = {
			isa = PBXFrameworksBuildPhase;
			buildActionMask = 2147483647;
			files = (
			);
			runOnlyForDeploymentPostprocessing = 0;
		};
		3F66159D273492B3004144DE /* Frameworks */ = {
			isa = PBXFrameworksBuildPhase;
			buildActionMask = 2147483647;
			files = (
			);
			runOnlyForDeploymentPostprocessing = 0;
		};
/* End PBXFrameworksBuildPhase section */

/* Begin PBXGroup section */
		3F661577273492A8004144DE = {
			isa = PBXGroup;
			children = (
				3F661582273492A8004144DE /* CryptoTracker */,
				3F661599273492B3004144DE /* CryptoTrackerTests */,
				3F6615A3273492B3004144DE /* CryptoTrackerUITests */,
				3F661581273492A8004144DE /* Products */,
			);
			sourceTree = "<group>";
		};
		3F661581273492A8004144DE /* Products */ = {
			isa = PBXGroup;
			children = (
				3F661580273492A8004144DE /* CryptoTracker.app */,
				3F661596273492B3004144DE /* CryptoTrackerTests.xctest */,
				3F6615A0273492B3004144DE /* CryptoTrackerUITests.xctest */,
			);
			name = Products;
			sourceTree = "<group>";
		};
		3F661582273492A8004144DE /* CryptoTracker */ = {
			isa = PBXGroup;
			children = (
				3F6615C32734A7FF004144DE /* Network */,
				3F6615C02734A767004144DE /* Constants */,
				3F6615B327349361004144DE /* Utils */,
				3F6615B8273497A5004144DE /* AppDelegate */,
				3F6615B9273497B9004144DE /* Scene */,
				3F66158C273492B2004144DE /* Assets.xcassets */,
				3F66158E273492B2004144DE /* LaunchScreen.storyboard */,
				3F661591273492B2004144DE /* Info.plist */,
			);
			path = CryptoTracker;
			sourceTree = "<group>";
		};
		3F661599273492B3004144DE /* CryptoTrackerTests */ = {
			isa = PBXGroup;
			children = (
				3F66159A273492B3004144DE /* CryptoTrackerTests.swift */,
			);
			path = CryptoTrackerTests;
			sourceTree = "<group>";
		};
		3F6615A3273492B3004144DE /* CryptoTrackerUITests */ = {
			isa = PBXGroup;
			children = (
				3F6615A4273492B3004144DE /* CryptoTrackerUITests.swift */,
				3F6615A6273492B3004144DE /* CryptoTrackerUITestsLaunchTests.swift */,
			);
			path = CryptoTrackerUITests;
			sourceTree = "<group>";
		};
		3F6615B327349361004144DE /* Utils */ = {
			isa = PBXGroup;
			children = (
				3F6615B427349398004144DE /* ViewCode.swift */,
				3F6615B6273493C2004144DE /* UIView+Constrains.swift */,
				3F6615BE2734A154004144DE /* Formatter+Currency.swift */,
			);
			path = Utils;
			sourceTree = "<group>";
		};
		3F6615B8273497A5004144DE /* AppDelegate */ = {
			isa = PBXGroup;
			children = (
				3F661583273492A8004144DE /* AppDelegate.swift */,
				3F661585273492A8004144DE /* SceneDelegate.swift */,
			);
			path = AppDelegate;
			sourceTree = "<group>";
		};
		3F6615B9273497B9004144DE /* Scene */ = {
			isa = PBXGroup;
			children = (
				3F661587273492A8004144DE /* CryptoListTableViewController.swift */,
				3F6615BA273497EC004144DE /* CryptoTableViewCell.swift */,
				3F6615BC27349F4F004144DE /* CryptoCellModel.swift */,
				3F6615C62734A935004144DE /* Models.swift */,
				3F6615C82734BB89004144DE /* CryptoListViewModel.swift */,
			);
			path = Scene;
			sourceTree = "<group>";
		};
		3F6615C02734A767004144DE /* Constants */ = {
			isa = PBXGroup;
			children = (
				3F6615C12734A788004144DE /* Constants.swift */,
			);
			path = Constants;
			sourceTree = "<group>";
		};
		3F6615C32734A7FF004144DE /* Network */ = {
			isa = PBXGroup;
			children = (
				3F6615C42734A81F004144DE /* NetworkService.swift */,
			);
			path = Network;
			sourceTree = "<group>";
		};
/* End PBXGroup section */

/* Begin PBXNativeTarget section */
		3F66157F273492A8004144DE /* CryptoTracker */ = {
			isa = PBXNativeTarget;
			buildConfigurationList = 3F6615AA273492B4004144DE /* Build configuration list for PBXNativeTarget "CryptoTracker" */;
			buildPhases = (
				3F66157C273492A8004144DE /* Sources */,
				3F66157D273492A8004144DE /* Frameworks */,
				3F66157E273492A8004144DE /* Resources */,
			);
			buildRules = (
			);
			dependencies = (
			);
			name = CryptoTracker;
			productName = CryptoTracker;
			productReference = 3F661580273492A8004144DE /* CryptoTracker.app */;
			productType = "com.apple.product-type.application";
		};
		3F661595273492B3004144DE /* CryptoTrackerTests */ = {
			isa = PBXNativeTarget;
			buildConfigurationList = 3F6615AD273492B4004144DE /* Build configuration list for PBXNativeTarget "CryptoTrackerTests" */;
			buildPhases = (
				3F661592273492B3004144DE /* Sources */,
				3F661593273492B3004144DE /* Frameworks */,
				3F661594273492B3004144DE /* Resources */,
			);
			buildRules = (
			);
			dependencies = (
				3F661598273492B3004144DE /* PBXTargetDependency */,
			);
			name = CryptoTrackerTests;
			productName = CryptoTrackerTests;
			productReference = 3F661596273492B3004144DE /* CryptoTrackerTests.xctest */;
			productType = "com.apple.product-type.bundle.unit-test";
		};
		3F66159F273492B3004144DE /* CryptoTrackerUITests */ = {
			isa = PBXNativeTarget;
			buildConfigurationList = 3F6615B0273492B4004144DE /* Build configuration list for PBXNativeTarget "CryptoTrackerUITests" */;
			buildPhases = (
				3F66159C273492B3004144DE /* Sources */,
				3F66159D273492B3004144DE /* Frameworks */,
				3F66159E273492B3004144DE /* Resources */,
			);
			buildRules = (
			);
			dependencies = (
				3F6615A2273492B3004144DE /* PBXTargetDependency */,
			);
			name = CryptoTrackerUITests;
			productName = CryptoTrackerUITests;
			productReference = 3F6615A0273492B3004144DE /* CryptoTrackerUITests.xctest */;
			productType = "com.apple.product-type.bundle.ui-testing";
		};
/* End PBXNativeTarget section */

/* Begin PBXProject section */
		3F661578273492A8004144DE /* Project object */ = {
			isa = PBXProject;
			attributes = {
				BuildIndependentTargetsInParallel = 1;
				LastSwiftUpdateCheck = 1310;
				LastUpgradeCheck = 1310;
				TargetAttributes = {
					3F66157F273492A8004144DE = {
						CreatedOnToolsVersion = 13.1;
					};
					3F661595273492B3004144DE = {
						CreatedOnToolsVersion = 13.1;
						TestTargetID = 3F66157F273492A8004144DE;
					};
					3F66159F273492B3004144DE = {
						CreatedOnToolsVersion = 13.1;
						TestTargetID = 3F66157F273492A8004144DE;
					};
				};
			};
			buildConfigurationList = 3F66157B273492A8004144DE /* Build configuration list for PBXProject "CryptoTracker" */;
			compatibilityVersion = "Xcode 13.0";
			developmentRegion = en;
			hasScannedForEncodings = 0;
			knownRegions = (
				en,
				Base,
			);
			mainGroup = 3F661577273492A8004144DE;
			productRefGroup = 3F661581273492A8004144DE /* Products */;
			projectDirPath = "";
			projectRoot = "";
			targets = (
				3F66157F273492A8004144DE /* CryptoTracker */,
				3F661595273492B3004144DE /* CryptoTrackerTests */,
				3F66159F273492B3004144DE /* CryptoTrackerUITests */,
			);
		};
/* End PBXProject section */

/* Begin PBXResourcesBuildPhase section */
		3F66157E273492A8004144DE /* Resources */ = {
			isa = PBXResourcesBuildPhase;
			buildActionMask = 2147483647;
			files = (
				3F661590273492B2004144DE /* LaunchScreen.storyboard in Resources */,
				3F66158D273492B2004144DE /* Assets.xcassets in Resources */,
			);
			runOnlyForDeploymentPostprocessing = 0;
		};
		3F661594273492B3004144DE /* Resources */ = {
			isa = PBXResourcesBuildPhase;
			buildActionMask = 2147483647;
			files = (
			);
			runOnlyForDeploymentPostprocessing = 0;
		};
		3F66159E273492B3004144DE /* Resources */ = {
			isa = PBXResourcesBuildPhase;
			buildActionMask = 2147483647;
			files = (
			);
			runOnlyForDeploymentPostprocessing = 0;
		};
/* End PBXResourcesBuildPhase section */

/* Begin PBXSourcesBuildPhase section */
		3F66157C273492A8004144DE /* Sources */ = {
			isa = PBXSourcesBuildPhase;
			buildActionMask = 2147483647;
			files = (
				3F6615C72734A935004144DE /* Models.swift in Sources */,
				3F6615C92734BB8A004144DE /* CryptoListViewModel.swift in Sources */,
				3F6615C52734A81F004144DE /* NetworkService.swift in Sources */,
				3F661588273492A8004144DE /* CryptoListTableViewController.swift in Sources */,
				3F661584273492A8004144DE /* AppDelegate.swift in Sources */,
				3F6615BB273497EC004144DE /* CryptoTableViewCell.swift in Sources */,
				3F6615B7273493C2004144DE /* UIView+Constrains.swift in Sources */,
				3F661586273492A8004144DE /* SceneDelegate.swift in Sources */,
				3F6615BF2734A154004144DE /* Formatter+Currency.swift in Sources */,
				3F6615B527349398004144DE /* ViewCode.swift in Sources */,
				3F6615BD27349F4F004144DE /* CryptoCellModel.swift in Sources */,
				3F6615C22734A788004144DE /* Constants.swift in Sources */,
			);
			runOnlyForDeploymentPostprocessing = 0;
		};
		3F661592273492B3004144DE /* Sources */ = {
			isa = PBXSourcesBuildPhase;
			buildActionMask = 2147483647;
			files = (
				3F66159B273492B3004144DE /* CryptoTrackerTests.swift in Sources */,
			);
			runOnlyForDeploymentPostprocessing = 0;
		};
		3F66159C273492B3004144DE /* Sources */ = {
			isa = PBXSourcesBuildPhase;
			buildActionMask = 2147483647;
			files = (
				3F6615A7273492B3004144DE /* CryptoTrackerUITestsLaunchTests.swift in Sources */,
				3F6615A5273492B3004144DE /* CryptoTrackerUITests.swift in Sources */,
			);
			runOnlyForDeploymentPostprocessing = 0;
		};
/* End PBXSourcesBuildPhase section */

/* Begin PBXTargetDependency section */
		3F661598273492B3004144DE /* PBXTargetDependency */ = {
			isa = PBXTargetDependency;
			target = 3F66157F273492A8004144DE /* CryptoTracker */;
			targetProxy = 3F661597273492B3004144DE /* PBXContainerItemProxy */;
		};
		3F6615A2273492B3004144DE /* PBXTargetDependency */ = {
			isa = PBXTargetDependency;
			target = 3F66157F273492A8004144DE /* CryptoTracker */;
			targetProxy = 3F6615A1273492B3004144DE /* PBXContainerItemProxy */;
		};
/* End PBXTargetDependency section */

/* Begin PBXVariantGroup section */
		3F66158E273492B2004144DE /* LaunchScreen.storyboard */ = {
			isa = PBXVariantGroup;
			children = (
				3F66158F273492B2004144DE /* Base */,
			);
			name = LaunchScreen.storyboard;
			sourceTree = "<group>";
		};
/* End PBXVariantGroup section */

/* Begin XCBuildConfiguration section */
		3F6615A8273492B4004144DE /* Debug */ = {
			isa = XCBuildConfiguration;
			buildSettings = {
				ALWAYS_SEARCH_USER_PATHS = NO;
				CLANG_ANALYZER_NONNULL = YES;
				CLANG_ANALYZER_NUMBER_OBJECT_CONVERSION = YES_AGGRESSIVE;
				CLANG_CXX_LANGUAGE_STANDARD = "gnu++17";
				CLANG_CXX_LIBRARY = "libc++";
				CLANG_ENABLE_MODULES = YES;
				CLANG_ENABLE_OBJC_ARC = YES;
				CLANG_ENABLE_OBJC_WEAK = YES;
				CLANG_WARN_BLOCK_CAPTURE_AUTORELEASING = YES;
				CLANG_WARN_BOOL_CONVERSION = YES;
				CLANG_WARN_COMMA = YES;
				CLANG_WARN_CONSTANT_CONVERSION = YES;
				CLANG_WARN_DEPRECATED_OBJC_IMPLEMENTATIONS = YES;
				CLANG_WARN_DIRECT_OBJC_ISA_USAGE = YES_ERROR;
				CLANG_WARN_DOCUMENTATION_COMMENTS = YES;
				CLANG_WARN_EMPTY_BODY = YES;
				CLANG_WARN_ENUM_CONVERSION = YES;
				CLANG_WARN_INFINITE_RECURSION = YES;
				CLANG_WARN_INT_CONVERSION = YES;
				CLANG_WARN_NON_LITERAL_NULL_CONVERSION = YES;
				CLANG_WARN_OBJC_IMPLICIT_RETAIN_SELF = YES;
				CLANG_WARN_OBJC_LITERAL_CONVERSION = YES;
				CLANG_WARN_OBJC_ROOT_CLASS = YES_ERROR;
				CLANG_WARN_QUOTED_INCLUDE_IN_FRAMEWORK_HEADER = YES;
				CLANG_WARN_RANGE_LOOP_ANALYSIS = YES;
				CLANG_WARN_STRICT_PROTOTYPES = YES;
				CLANG_WARN_SUSPICIOUS_MOVE = YES;
				CLANG_WARN_UNGUARDED_AVAILABILITY = YES_AGGRESSIVE;
				CLANG_WARN_UNREACHABLE_CODE = YES;
				CLANG_WARN__DUPLICATE_METHOD_MATCH = YES;
				COPY_PHASE_STRIP = NO;
				DEBUG_INFORMATION_FORMAT = dwarf;
				ENABLE_STRICT_OBJC_MSGSEND = YES;
				ENABLE_TESTABILITY = YES;
				GCC_C_LANGUAGE_STANDARD = gnu11;
				GCC_DYNAMIC_NO_PIC = NO;
				GCC_NO_COMMON_BLOCKS = YES;
				GCC_OPTIMIZATION_LEVEL = 0;
				GCC_PREPROCESSOR_DEFINITIONS = (
					"DEBUG=1",
					"$(inherited)",
				);
				GCC_WARN_64_TO_32_BIT_CONVERSION = YES;
				GCC_WARN_ABOUT_RETURN_TYPE = YES_ERROR;
				GCC_WARN_UNDECLARED_SELECTOR = YES;
				GCC_WARN_UNINITIALIZED_AUTOS = YES_AGGRESSIVE;
				GCC_WARN_UNUSED_FUNCTION = YES;
				GCC_WARN_UNUSED_VARIABLE = YES;
				IPHONEOS_DEPLOYMENT_TARGET = 15.0;
				MTL_ENABLE_DEBUG_INFO = INCLUDE_SOURCE;
				MTL_FAST_MATH = YES;
				ONLY_ACTIVE_ARCH = YES;
				SDKROOT = iphoneos;
				SWIFT_ACTIVE_COMPILATION_CONDITIONS = DEBUG;
				SWIFT_OPTIMIZATION_LEVEL = "-Onone";
			};
			name = Debug;
		};
		3F6615A9273492B4004144DE /* Release */ = {
			isa = XCBuildConfiguration;
			buildSettings = {
				ALWAYS_SEARCH_USER_PATHS = NO;
				CLANG_ANALYZER_NONNULL = YES;
				CLANG_ANALYZER_NUMBER_OBJECT_CONVERSION = YES_AGGRESSIVE;
				CLANG_CXX_LANGUAGE_STANDARD = "gnu++17";
				CLANG_CXX_LIBRARY = "libc++";
				CLANG_ENABLE_MODULES = YES;
				CLANG_ENABLE_OBJC_ARC = YES;
				CLANG_ENABLE_OBJC_WEAK = YES;
				CLANG_WARN_BLOCK_CAPTURE_AUTORELEASING = YES;
				CLANG_WARN_BOOL_CONVERSION = YES;
				CLANG_WARN_COMMA = YES;
				CLANG_WARN_CONSTANT_CONVERSION = YES;
				CLANG_WARN_DEPRECATED_OBJC_IMPLEMENTATIONS = YES;
				CLANG_WARN_DIRECT_OBJC_ISA_USAGE = YES_ERROR;
				CLANG_WARN_DOCUMENTATION_COMMENTS = YES;
				CLANG_WARN_EMPTY_BODY = YES;
				CLANG_WARN_ENUM_CONVERSION = YES;
				CLANG_WARN_INFINITE_RECURSION = YES;
				CLANG_WARN_INT_CONVERSION = YES;
				CLANG_WARN_NON_LITERAL_NULL_CONVERSION = YES;
				CLANG_WARN_OBJC_IMPLICIT_RETAIN_SELF = YES;
				CLANG_WARN_OBJC_LITERAL_CONVERSION = YES;
				CLANG_WARN_OBJC_ROOT_CLASS = YES_ERROR;
				CLANG_WARN_QUOTED_INCLUDE_IN_FRAMEWORK_HEADER = YES;
				CLANG_WARN_RANGE_LOOP_ANALYSIS = YES;
				CLANG_WARN_STRICT_PROTOTYPES = YES;
				CLANG_WARN_SUSPICIOUS_MOVE = YES;
				CLANG_WARN_UNGUARDED_AVAILABILITY = YES_AGGRESSIVE;
				CLANG_WARN_UNREACHABLE_CODE = YES;
				CLANG_WARN__DUPLICATE_METHOD_MATCH = YES;
				COPY_PHASE_STRIP = NO;
				DEBUG_INFORMATION_FORMAT = "dwarf-with-dsym";
				ENABLE_NS_ASSERTIONS = NO;
				ENABLE_STRICT_OBJC_MSGSEND = YES;
				GCC_C_LANGUAGE_STANDARD = gnu11;
				GCC_NO_COMMON_BLOCKS = YES;
				GCC_WARN_64_TO_32_BIT_CONVERSION = YES;
				GCC_WARN_ABOUT_RETURN_TYPE = YES_ERROR;
				GCC_WARN_UNDECLARED_SELECTOR = YES;
				GCC_WARN_UNINITIALIZED_AUTOS = YES_AGGRESSIVE;
				GCC_WARN_UNUSED_FUNCTION = YES;
				GCC_WARN_UNUSED_VARIABLE = YES;
				IPHONEOS_DEPLOYMENT_TARGET = 15.0;
				MTL_ENABLE_DEBUG_INFO = NO;
				MTL_FAST_MATH = YES;
				SDKROOT = iphoneos;
				SWIFT_COMPILATION_MODE = wholemodule;
				SWIFT_OPTIMIZATION_LEVEL = "-O";
				VALIDATE_PRODUCT = YES;
			};
			name = Release;
		};
		3F6615AB273492B4004144DE /* Debug */ = {
			isa = XCBuildConfiguration;
			buildSettings = {
				ASSETCATALOG_COMPILER_APPICON_NAME = AppIcon;
				ASSETCATALOG_COMPILER_GLOBAL_ACCENT_COLOR_NAME = AccentColor;
				CODE_SIGN_STYLE = Automatic;
				CURRENT_PROJECT_VERSION = 1;
				GENERATE_INFOPLIST_FILE = YES;
				INFOPLIST_FILE = CryptoTracker/Info.plist;
				INFOPLIST_KEY_UIApplicationSupportsIndirectInputEvents = YES;
				INFOPLIST_KEY_UILaunchStoryboardName = LaunchScreen;
				INFOPLIST_KEY_UISupportedInterfaceOrientations_iPad = "UIInterfaceOrientationPortrait UIInterfaceOrientationPortraitUpsideDown UIInterfaceOrientationLandscapeLeft UIInterfaceOrientationLandscapeRight";
				INFOPLIST_KEY_UISupportedInterfaceOrientations_iPhone = "UIInterfaceOrientationPortrait UIInterfaceOrientationLandscapeLeft UIInterfaceOrientationLandscapeRight";
				LD_RUNPATH_SEARCH_PATHS = (
					"$(inherited)",
					"@executable_path/Frameworks",
				);
				MARKETING_VERSION = 1.0;
				PRODUCT_BUNDLE_IDENTIFIER = "Digital-House.CryptoTracker";
				PRODUCT_NAME = "$(TARGET_NAME)";
				SWIFT_EMIT_LOC_STRINGS = YES;
				SWIFT_VERSION = 5.0;
				TARGETED_DEVICE_FAMILY = "1,2";
			};
			name = Debug;
		};
		3F6615AC273492B4004144DE /* Release */ = {
			isa = XCBuildConfiguration;
			buildSettings = {
				ASSETCATALOG_COMPILER_APPICON_NAME = AppIcon;
				ASSETCATALOG_COMPILER_GLOBAL_ACCENT_COLOR_NAME = AccentColor;
				CODE_SIGN_STYLE = Automatic;
				CURRENT_PROJECT_VERSION = 1;
				GENERATE_INFOPLIST_FILE = YES;
				INFOPLIST_FILE = CryptoTracker/Info.plist;
				INFOPLIST_KEY_UIApplicationSupportsIndirectInputEvents = YES;
				INFOPLIST_KEY_UILaunchStoryboardName = LaunchScreen;
				INFOPLIST_KEY_UISupportedInterfaceOrientations_iPad = "UIInterfaceOrientationPortrait UIInterfaceOrientationPortraitUpsideDown UIInterfaceOrientationLandscapeLeft UIInterfaceOrientationLandscapeRight";
				INFOPLIST_KEY_UISupportedInterfaceOrientations_iPhone = "UIInterfaceOrientationPortrait UIInterfaceOrientationLandscapeLeft UIInterfaceOrientationLandscapeRight";
				LD_RUNPATH_SEARCH_PATHS = (
					"$(inherited)",
					"@executable_path/Frameworks",
				);
				MARKETING_VERSION = 1.0;
				PRODUCT_BUNDLE_IDENTIFIER = "Digital-House.CryptoTracker";
				PRODUCT_NAME = "$(TARGET_NAME)";
				SWIFT_EMIT_LOC_STRINGS = YES;
				SWIFT_VERSION = 5.0;
				TARGETED_DEVICE_FAMILY = "1,2";
			};
			name = Release;
		};
		3F6615AE273492B4004144DE /* Debug */ = {
			isa = XCBuildConfiguration;
			buildSettings = {
				ALWAYS_EMBED_SWIFT_STANDARD_LIBRARIES = YES;
				BUNDLE_LOADER = "$(TEST_HOST)";
				CODE_SIGN_STYLE = Automatic;
				CURRENT_PROJECT_VERSION = 1;
				GENERATE_INFOPLIST_FILE = YES;
				IPHONEOS_DEPLOYMENT_TARGET = 15.0;
				LD_RUNPATH_SEARCH_PATHS = (
					"$(inherited)",
					"@executable_path/Frameworks",
					"@loader_path/Frameworks",
				);
				MARKETING_VERSION = 1.0;
				PRODUCT_BUNDLE_IDENTIFIER = "Digital-House.CryptoTrackerTests";
				PRODUCT_NAME = "$(TARGET_NAME)";
				SWIFT_EMIT_LOC_STRINGS = NO;
				SWIFT_VERSION = 5.0;
				TARGETED_DEVICE_FAMILY = "1,2";
				TEST_HOST = "$(BUILT_PRODUCTS_DIR)/CryptoTracker.app/CryptoTracker";
			};
			name = Debug;
		};
		3F6615AF273492B4004144DE /* Release */ = {
			isa = XCBuildConfiguration;
			buildSettings = {
				ALWAYS_EMBED_SWIFT_STANDARD_LIBRARIES = YES;
				BUNDLE_LOADER = "$(TEST_HOST)";
				CODE_SIGN_STYLE = Automatic;
				CURRENT_PROJECT_VERSION = 1;
				GENERATE_INFOPLIST_FILE = YES;
				IPHONEOS_DEPLOYMENT_TARGET = 15.0;
				LD_RUNPATH_SEARCH_PATHS = (
					"$(inherited)",
					"@executable_path/Frameworks",
					"@loader_path/Frameworks",
				);
				MARKETING_VERSION = 1.0;
				PRODUCT_BUNDLE_IDENTIFIER = "Digital-House.CryptoTrackerTests";
				PRODUCT_NAME = "$(TARGET_NAME)";
				SWIFT_EMIT_LOC_STRINGS = NO;
				SWIFT_VERSION = 5.0;
				TARGETED_DEVICE_FAMILY = "1,2";
				TEST_HOST = "$(BUILT_PRODUCTS_DIR)/CryptoTracker.app/CryptoTracker";
			};
			name = Release;
		};
		3F6615B1273492B4004144DE /* Debug */ = {
			isa = XCBuildConfiguration;
			buildSettings = {
				ALWAYS_EMBED_SWIFT_STANDARD_LIBRARIES = YES;
				CODE_SIGN_STYLE = Automatic;
				CURRENT_PROJECT_VERSION = 1;
				GENERATE_INFOPLIST_FILE = YES;
				LD_RUNPATH_SEARCH_PATHS = (
					"$(inherited)",
					"@executable_path/Frameworks",
					"@loader_path/Frameworks",
				);
				MARKETING_VERSION = 1.0;
				PRODUCT_BUNDLE_IDENTIFIER = "Digital-House.CryptoTrackerUITests";
				PRODUCT_NAME = "$(TARGET_NAME)";
				SWIFT_EMIT_LOC_STRINGS = NO;
				SWIFT_VERSION = 5.0;
				TARGETED_DEVICE_FAMILY = "1,2";
				TEST_TARGET_NAME = CryptoTracker;
			};
			name = Debug;
		};
		3F6615B2273492B4004144DE /* Release */ = {
			isa = XCBuildConfiguration;
			buildSettings = {
				ALWAYS_EMBED_SWIFT_STANDARD_LIBRARIES = YES;
				CODE_SIGN_STYLE = Automatic;
				CURRENT_PROJECT_VERSION = 1;
				GENERATE_INFOPLIST_FILE = YES;
				LD_RUNPATH_SEARCH_PATHS = (
					"$(inherited)",
					"@executable_path/Frameworks",
					"@loader_path/Frameworks",
				);
				MARKETING_VERSION = 1.0;
				PRODUCT_BUNDLE_IDENTIFIER = "Digital-House.CryptoTrackerUITests";
				PRODUCT_NAME = "$(TARGET_NAME)";
				SWIFT_EMIT_LOC_STRINGS = NO;
				SWIFT_VERSION = 5.0;
				TARGETED_DEVICE_FAMILY = "1,2";
				TEST_TARGET_NAME = CryptoTracker;
			};
			name = Release;
		};
/* End XCBuildConfiguration section */

/* Begin XCConfigurationList section */
		3F66157B273492A8004144DE /* Build configuration list for PBXProject "CryptoTracker" */ = {
			isa = XCConfigurationList;
			buildConfigurations = (
				3F6615A8273492B4004144DE /* Debug */,
				3F6615A9273492B4004144DE /* Release */,
			);
			defaultConfigurationIsVisible = 0;
			defaultConfigurationName = Release;
		};
		3F6615AA273492B4004144DE /* Build configuration list for PBXNativeTarget "CryptoTracker" */ = {
			isa = XCConfigurationList;
			buildConfigurations = (
				3F6615AB273492B4004144DE /* Debug */,
				3F6615AC273492B4004144DE /* Release */,
			);
			defaultConfigurationIsVisible = 0;
			defaultConfigurationName = Release;
		};
		3F6615AD273492B4004144DE /* Build configuration list for PBXNativeTarget "CryptoTrackerTests" */ = {
			isa = XCConfigurationList;
			buildConfigurations = (
				3F6615AE273492B4004144DE /* Debug */,
				3F6615AF273492B4004144DE /* Release */,
			);
			defaultConfigurationIsVisible = 0;
			defaultConfigurationName = Release;
		};
		3F6615B0273492B4004144DE /* Build configuration list for PBXNativeTarget "CryptoTrackerUITests" */ = {
			isa = XCConfigurationList;
			buildConfigurations = (
				3F6615B1273492B4004144DE /* Debug */,
				3F6615B2273492B4004144DE /* Release */,
			);
			defaultConfigurationIsVisible = 0;
			defaultConfigurationName = Release;
		};
/* End XCConfigurationList section */
	};
	rootObject = 3F661578273492A8004144DE /* Project object */;
}
